
Microsoft Visual Studio Solution File, Format Version 12.00
# Visual Studio Version 17
VisualStudioVersion = 17.13.35931.197
MinimumVisualStudioVersion = 10.0.40219.1
Project("{FAE04EC0-301F-11D3-BF4B-00C04F79EFBC}") = "Easy_Save", "Easy_Save.csproj", "{9DBAEB9C-D95B-40FB-B727-4DB8818B9652}"
EndProject
Project("{FAE04EC0-301F-11D3-BF4B-00C04F79EFBC}") = "CryptoSoft", "CryptoSoft\CryptoSoft.csproj", "{BAC4FBE7-A2C8-413A-88D5-FB6A0F3E4BE3}"
EndProject
Project("{FAE04EC0-301F-11D3-BF4B-00C04F79EFBC}") = "Easy_save_client", "..\Easy_save_client\Easy_save_client.csproj", "{C2A9576D-7DE9-44A6-91A3-BC48574EAFD9}"
EndProject
Global
	GlobalSection(SolutionConfigurationPlatforms) = preSolution
		Debug|Any CPU = Debug|Any CPU
		Debug|x64 = Debug|x64
		Debug|x86 = Debug|x86
		Release|Any CPU = Release|Any CPU
		Release|x64 = Release|x64
		Release|x86 = Release|x86
	EndGlobalSection
	GlobalSection(ProjectConfigurationPlatforms) = postSolution
		{9DBAEB9C-D95B-40FB-B727-4DB8818B9652}.Debug|Any CPU.ActiveCfg = Debug|Any CPU
		{9DBAEB9C-D95B-40FB-B727-4DB8818B9652}.Debug|Any CPU.Build.0 = Debug|Any CPU
		{9DBAEB9C-D95B-40FB-B727-4DB8818B9652}.Debug|x64.ActiveCfg = Debug|Any CPU
		{9DBAEB9C-D95B-40FB-B727-4DB8818B9652}.Debug|x64.Build.0 = Debug|Any CPU
		{9DBAEB9C-D95B-40FB-B727-4DB8818B9652}.Debug|x86.ActiveCfg = Debug|Any CPU
		{9DBAEB9C-D95B-40FB-B727-4DB8818B9652}.Debug|x86.Build.0 = Debug|Any CPU
		{9DBAEB9C-D95B-40FB-B727-4DB8818B9652}.Release|Any CPU.ActiveCfg = Release|Any CPU
		{9DBAEB9C-D95B-40FB-B727-4DB8818B9652}.Release|Any CPU.Build.0 = Release|Any CPU
		{9DBAEB9C-D95B-40FB-B727-4DB8818B9652}.Release|x64.ActiveCfg = Release|Any CPU
		{9DBAEB9C-D95B-40FB-B727-4DB8818B9652}.Release|x64.Build.0 = Release|Any CPU
		{9DBAEB9C-D95B-40FB-B727-4DB8818B9652}.Release|x86.ActiveCfg = Release|Any CPU
		{9DBAEB9C-D95B-40FB-B727-4DB8818B9652}.Release|x86.Build.0 = Release|Any CPU
		{BAC4FBE7-A2C8-413A-88D5-FB6A0F3E4BE3}.Debug|Any CPU.ActiveCfg = Debug|Any CPU
		{BAC4FBE7-A2C8-413A-88D5-FB6A0F3E4BE3}.Debug|Any CPU.Build.0 = Debug|Any CPU
		{BAC4FBE7-A2C8-413A-88D5-FB6A0F3E4BE3}.Debug|x64.ActiveCfg = Debug|Any CPU
		{BAC4FBE7-A2C8-413A-88D5-FB6A0F3E4BE3}.Debug|x64.Build.0 = Debug|Any CPU
		{BAC4FBE7-A2C8-413A-88D5-FB6A0F3E4BE3}.Debug|x86.ActiveCfg = Debug|Any CPU
		{BAC4FBE7-A2C8-413A-88D5-FB6A0F3E4BE3}.Debug|x86.Build.0 = Debug|Any CPU
		{BAC4FBE7-A2C8-413A-88D5-FB6A0F3E4BE3}.Release|Any CPU.ActiveCfg = Release|Any CPU
		{BAC4FBE7-A2C8-413A-88D5-FB6A0F3E4BE3}.Release|Any CPU.Build.0 = Release|Any CPU
		{BAC4FBE7-A2C8-413A-88D5-FB6A0F3E4BE3}.Release|x64.ActiveCfg = Release|Any CPU
		{BAC4FBE7-A2C8-413A-88D5-FB6A0F3E4BE3}.Release|x64.Build.0 = Release|Any CPU
		{BAC4FBE7-A2C8-413A-88D5-FB6A0F3E4BE3}.Release|x86.ActiveCfg = Release|Any CPU
		{BAC4FBE7-A2C8-413A-88D5-FB6A0F3E4BE3}.Release|x86.Build.0 = Release|Any CPU
		{C2A9576D-7DE9-44A6-91A3-BC48574EAFD9}.Debug|Any CPU.ActiveCfg = Debug|Any CPU
		{C2A9576D-7DE9-44A6-91A3-BC48574EAFD9}.Debug|Any CPU.Build.0 = Debug|Any CPU
		{C2A9576D-7DE9-44A6-91A3-BC48574EAFD9}.Debug|x64.ActiveCfg = Debug|Any CPU
		{C2A9576D-7DE9-44A6-91A3-BC48574EAFD9}.Debug|x64.Build.0 = Debug|Any CPU
		{C2A9576D-7DE9-44A6-91A3-BC48574EAFD9}.Debug|x86.ActiveCfg = Debug|Any CPU
		{C2A9576D-7DE9-44A6-91A3-BC48574EAFD9}.Debug|x86.Build.0 = Debug|Any CPU
		{C2A9576D-7DE9-44A6-91A3-BC48574EAFD9}.Release|Any CPU.ActiveCfg = Release|Any CPU
		{C2A9576D-7DE9-44A6-91A3-BC48574EAFD9}.Release|Any CPU.Build.0 = Release|Any CPU
		{C2A9576D-7DE9-44A6-91A3-BC48574EAFD9}.Release|x64.ActiveCfg = Release|Any CPU
		{C2A9576D-7DE9-44A6-91A3-BC48574EAFD9}.Release|x64.Build.0 = Release|Any CPU
		{C2A9576D-7DE9-44A6-91A3-BC48574EAFD9}.Release|x86.ActiveCfg = Release|Any CPU
		{C2A9576D-7DE9-44A6-91A3-BC48574EAFD9}.Release|x86.Build.0 = Release|Any CPU
	EndGlobalSection
	GlobalSection(SolutionProperties) = preSolution
		HideSolutionNode = FALSE
	EndGlobalSection
	GlobalSection(ExtensibilityGlobals) = postSolution
		SolutionGuid = {3F725C38-0E00-49AA-ADDB-EC4BCDE38832}
	EndGlobalSection
EndGlobal
