
Microsoft Visual Studio Solution File, Format Version 12.00
# Visual Studio Version 17
VisualStudioVersion = 17.13.35931.197 d17.13
MinimumVisualStudioVersion = 10.0.40219.1
Project("{FAE04EC0-301F-11D3-BF4B-00C04F79EFBC}") = "Easy_Save", "Easy_Save.csproj", "{9DBAEB9C-D95B-40FB-B727-4DB8818B9652}"
EndProject
Global
	GlobalSection(SolutionConfigurationPlatforms) = preSolution
		Debug|Any CPU = Debug|Any CPU
		Release|Any CPU = Release|Any CPU
	EndGlobalSection
	GlobalSection(ProjectConfigurationPlatforms) = postSolution
		{9DBAEB9C-D95B-40FB-B727-4DB8818B9652}.Debug|Any CPU.ActiveCfg = Debug|Any CPU
		{9DBAEB9C-D95B-40FB-B727-4DB8818B9652}.Debug|Any CPU.Build.0 = Debug|Any CPU
		{9DBAEB9C-D95B-40FB-B727-4DB8818B9652}.Release|Any CPU.ActiveCfg = Release|Any CPU
		{9DBAEB9C-D95B-40FB-B727-4DB8818B9652}.Release|Any CPU.Build.0 = Release|Any CPU
	EndGlobalSection
	GlobalSection(SolutionProperties) = preSolution
		HideSolutionNode = FALSE
	EndGlobalSection
	GlobalSection(ExtensibilityGlobals) = postSolution
		SolutionGuid = {3F725C38-0E00-49AA-ADDB-EC4BCDE38832}
	EndGlobalSection
EndGlobal
